
Microsoft Visual Studio Solution File, Format Version 12.00
# Visual Studio Version 17
VisualStudioVersion = 17.5.33516.290
MinimumVisualStudioVersion = 10.0.40219.1
Project("{9A19103F-16F7-4668-BE54-9A1E7A4F7556}") = "Builder Desing Patterns", "Builder Desing Patterns.csproj", "{F2FD8900-DBE0-4B5F-BD6B-6FA2414283FE}"
EndProject
Global
	GlobalSection(SolutionConfigurationPlatforms) = preSolution
		Debug|Any CPU = Debug|Any CPU
		Release|Any CPU = Release|Any CPU
	EndGlobalSection
	GlobalSection(ProjectConfigurationPlatforms) = postSolution
		{F2FD8900-DBE0-4B5F-BD6B-6FA2414283FE}.Debug|Any CPU.ActiveCfg = Debug|Any CPU
		{F2FD8900-DBE0-4B5F-BD6B-6FA2414283FE}.Debug|Any CPU.Build.0 = Debug|Any CPU
		{F2FD8900-DBE0-4B5F-BD6B-6FA2414283FE}.Release|Any CPU.ActiveCfg = Release|Any CPU
		{F2FD8900-DBE0-4B5F-BD6B-6FA2414283FE}.Release|Any CPU.Build.0 = Release|Any CPU
	EndGlobalSection
	GlobalSection(SolutionProperties) = preSolution
		HideSolutionNode = FALSE
	EndGlobalSection
	GlobalSection(ExtensibilityGlobals) = postSolution
		SolutionGuid = {1B2AEC1B-E848-4864-A3F6-BD318BD21670}
	EndGlobalSection
EndGlobal
